
Microsoft Visual Studio Solution File, Format Version 12.00
# Visual Studio Version 17
VisualStudioVersion = 17.12.35707.178
MinimumVisualStudioVersion = 10.0.40219.1
Project("{FAE04EC0-301F-11D3-BF4B-00C04F79EFBC}") = "01_CombinacaoBixos", "01_CombinacaoBixos\01_CombinacaoBixos.csproj", "{A77640F2-C282-4690-8836-7B79545DB4C9}"
EndProject
Project("{FAE04EC0-301F-11D3-BF4B-00C04F79EFBC}") = "02_ExperimentWithControls", "02_ExperimentWithControls\02_ExperimentWithControls.csproj", "{28195D44-B824-460F-BF91-7B06FEF1694D}"
EndProject
Project("{FAE04EC0-301F-11D3-BF4B-00C04F79EFBC}") = "03_PickRandomCards", "03_PickRandomCards\03_PickRandomCards.csproj", "{13E33DAD-19B8-4ECA-8A52-817A3BEE1138}"
EndProject
Project("{FAE04EC0-301F-11D3-BF4B-00C04F79EFBC}") = "04_PickACardUI", "04_PickACardUI\04_PickACardUI.csproj", "{C81CB818-91E8-4DFC-BFD0-D7964B8DECE0}"
EndProject
Project("{FAE04EC0-301F-11D3-BF4B-00C04F79EFBC}") = "05_Bet", "05_Bet\05_Bet.csproj", "{2CCCEC02-2A65-443E-818D-667B16713389}"
EndProject
Project("{FAE04EC0-301F-11D3-BF4B-00C04F79EFBC}") = "06_AbilityScoreCalculator", "06_AbilityScoreCalculator\06_AbilityScoreCalculator.csproj", "{C7541A7A-F1D4-4B90-8540-C6D7616C1C1E}"
EndProject
Project("{FAE04EC0-301F-11D3-BF4B-00C04F79EFBC}") = "07_ChangingReferences", "07_ChangingReferences\07_ChangingReferences.csproj", "{7F53926A-93FC-4ECC-89D3-AE0C47EEC6EA}"
EndProject
Project("{FAE04EC0-301F-11D3-BF4B-00C04F79EFBC}") = "08_LanchoneteSanduiches", "08_LanchoneteSanduiches\08_LanchoneteSanduiches.csproj", "{8D9146BC-48F5-4F0C-B7A2-55B9E699065D}"
EndProject
Project("{FAE04EC0-301F-11D3-BF4B-00C04F79EFBC}") = "09_SwordDamage", "09_SwordDamage\09_SwordDamage.csproj", "{7C35C17D-438B-4DFF-9D9F-17AC9752C011}"
EndProject
Project("{FAE04EC0-301F-11D3-BF4B-00C04F79EFBC}") = "10_HiloGame", "10_HiloGame\10_HiloGame.csproj", "{BE5123F6-1EAA-4A76-954C-A9788CB32537}"
EndProject
Project("{FAE04EC0-301F-11D3-BF4B-00C04F79EFBC}") = "11_PaintballGun", "11_PaintballGun\11_PaintballGun.csproj", "{A307F2B3-5A7F-49E7-A5E4-E08200FBE38D}"
EndProject
Project("{FAE04EC0-301F-11D3-BF4B-00C04F79EFBC}") = "12_SwordDamageConsole", "12_SwordDamageConsole\12_SwordDamageConsole.csproj", "{FF7933F8-86BC-43BD-B2D0-E6F6A52E3432}"
EndProject
Project("{FAE04EC0-301F-11D3-BF4B-00C04F79EFBC}") = "13_TypeOfBirds", "13_TypeOfBirds\13_TypeOfBirds.csproj", "{F8AA696F-725F-4D75-8ABB-9A5EC802C4B1}"
EndProject
Project("{FAE04EC0-301F-11D3-BF4B-00C04F79EFBC}") = "14_Safe", "14_Safe\14_Safe.csproj", "{248DAAC6-A5E5-40C7-8531-1526231BEE99}"
EndProject
Project("{FAE04EC0-301F-11D3-BF4B-00C04F79EFBC}") = "Cars", "Cars\Cars.csproj", "{38D43CC5-8736-4DD5-B1F0-A92ED357FBF0}"
EndProject
Project("{FAE04EC0-301F-11D3-BF4B-00C04F79EFBC}") = "15_WeaponsDamage", "15_WeaponsDamage\15_WeaponsDamage.csproj", "{99715EC1-474F-4907-AF16-7AE29F38A74E}"
EndProject
Project("{FAE04EC0-301F-11D3-BF4B-00C04F79EFBC}") = "16_Hives", "16_Hives\16_Hives.csproj", "{7587DCF9-EE0B-432B-9D5B-6D4AB1932B50}"
EndProject
Project("{FAE04EC0-301F-11D3-BF4B-00C04F79EFBC}") = "17_TallGuy", "17_TallGuy\17_TallGuy.csproj", "{A62A2D88-034F-469D-894C-F9F9B03D4ACA}"
EndProject
Global
	GlobalSection(SolutionConfigurationPlatforms) = preSolution
		Debug|Any CPU = Debug|Any CPU
		Release|Any CPU = Release|Any CPU
	EndGlobalSection
	GlobalSection(ProjectConfigurationPlatforms) = postSolution
		{A77640F2-C282-4690-8836-7B79545DB4C9}.Debug|Any CPU.ActiveCfg = Debug|Any CPU
		{A77640F2-C282-4690-8836-7B79545DB4C9}.Debug|Any CPU.Build.0 = Debug|Any CPU
		{A77640F2-C282-4690-8836-7B79545DB4C9}.Release|Any CPU.ActiveCfg = Release|Any CPU
		{A77640F2-C282-4690-8836-7B79545DB4C9}.Release|Any CPU.Build.0 = Release|Any CPU
		{28195D44-B824-460F-BF91-7B06FEF1694D}.Debug|Any CPU.ActiveCfg = Debug|Any CPU
		{28195D44-B824-460F-BF91-7B06FEF1694D}.Debug|Any CPU.Build.0 = Debug|Any CPU
		{28195D44-B824-460F-BF91-7B06FEF1694D}.Release|Any CPU.ActiveCfg = Release|Any CPU
		{28195D44-B824-460F-BF91-7B06FEF1694D}.Release|Any CPU.Build.0 = Release|Any CPU
		{13E33DAD-19B8-4ECA-8A52-817A3BEE1138}.Debug|Any CPU.ActiveCfg = Debug|Any CPU
		{13E33DAD-19B8-4ECA-8A52-817A3BEE1138}.Debug|Any CPU.Build.0 = Debug|Any CPU
		{13E33DAD-19B8-4ECA-8A52-817A3BEE1138}.Release|Any CPU.ActiveCfg = Release|Any CPU
		{13E33DAD-19B8-4ECA-8A52-817A3BEE1138}.Release|Any CPU.Build.0 = Release|Any CPU
		{C81CB818-91E8-4DFC-BFD0-D7964B8DECE0}.Debug|Any CPU.ActiveCfg = Debug|Any CPU
		{C81CB818-91E8-4DFC-BFD0-D7964B8DECE0}.Debug|Any CPU.Build.0 = Debug|Any CPU
		{C81CB818-91E8-4DFC-BFD0-D7964B8DECE0}.Release|Any CPU.ActiveCfg = Release|Any CPU
		{C81CB818-91E8-4DFC-BFD0-D7964B8DECE0}.Release|Any CPU.Build.0 = Release|Any CPU
		{2CCCEC02-2A65-443E-818D-667B16713389}.Debug|Any CPU.ActiveCfg = Debug|Any CPU
		{2CCCEC02-2A65-443E-818D-667B16713389}.Debug|Any CPU.Build.0 = Debug|Any CPU
		{2CCCEC02-2A65-443E-818D-667B16713389}.Release|Any CPU.ActiveCfg = Release|Any CPU
		{2CCCEC02-2A65-443E-818D-667B16713389}.Release|Any CPU.Build.0 = Release|Any CPU
		{C7541A7A-F1D4-4B90-8540-C6D7616C1C1E}.Debug|Any CPU.ActiveCfg = Debug|Any CPU
		{C7541A7A-F1D4-4B90-8540-C6D7616C1C1E}.Debug|Any CPU.Build.0 = Debug|Any CPU
		{C7541A7A-F1D4-4B90-8540-C6D7616C1C1E}.Release|Any CPU.ActiveCfg = Release|Any CPU
		{C7541A7A-F1D4-4B90-8540-C6D7616C1C1E}.Release|Any CPU.Build.0 = Release|Any CPU
		{7F53926A-93FC-4ECC-89D3-AE0C47EEC6EA}.Debug|Any CPU.ActiveCfg = Debug|Any CPU
		{7F53926A-93FC-4ECC-89D3-AE0C47EEC6EA}.Debug|Any CPU.Build.0 = Debug|Any CPU
		{7F53926A-93FC-4ECC-89D3-AE0C47EEC6EA}.Release|Any CPU.ActiveCfg = Release|Any CPU
		{7F53926A-93FC-4ECC-89D3-AE0C47EEC6EA}.Release|Any CPU.Build.0 = Release|Any CPU
		{8D9146BC-48F5-4F0C-B7A2-55B9E699065D}.Debug|Any CPU.ActiveCfg = Debug|Any CPU
		{8D9146BC-48F5-4F0C-B7A2-55B9E699065D}.Debug|Any CPU.Build.0 = Debug|Any CPU
		{8D9146BC-48F5-4F0C-B7A2-55B9E699065D}.Release|Any CPU.ActiveCfg = Release|Any CPU
		{8D9146BC-48F5-4F0C-B7A2-55B9E699065D}.Release|Any CPU.Build.0 = Release|Any CPU
		{7C35C17D-438B-4DFF-9D9F-17AC9752C011}.Debug|Any CPU.ActiveCfg = Debug|Any CPU
		{7C35C17D-438B-4DFF-9D9F-17AC9752C011}.Debug|Any CPU.Build.0 = Debug|Any CPU
		{7C35C17D-438B-4DFF-9D9F-17AC9752C011}.Release|Any CPU.ActiveCfg = Release|Any CPU
		{7C35C17D-438B-4DFF-9D9F-17AC9752C011}.Release|Any CPU.Build.0 = Release|Any CPU
		{BE5123F6-1EAA-4A76-954C-A9788CB32537}.Debug|Any CPU.ActiveCfg = Debug|Any CPU
		{BE5123F6-1EAA-4A76-954C-A9788CB32537}.Debug|Any CPU.Build.0 = Debug|Any CPU
		{BE5123F6-1EAA-4A76-954C-A9788CB32537}.Release|Any CPU.ActiveCfg = Release|Any CPU
		{BE5123F6-1EAA-4A76-954C-A9788CB32537}.Release|Any CPU.Build.0 = Release|Any CPU
		{A307F2B3-5A7F-49E7-A5E4-E08200FBE38D}.Debug|Any CPU.ActiveCfg = Debug|Any CPU
		{A307F2B3-5A7F-49E7-A5E4-E08200FBE38D}.Debug|Any CPU.Build.0 = Debug|Any CPU
		{A307F2B3-5A7F-49E7-A5E4-E08200FBE38D}.Release|Any CPU.ActiveCfg = Release|Any CPU
		{A307F2B3-5A7F-49E7-A5E4-E08200FBE38D}.Release|Any CPU.Build.0 = Release|Any CPU
		{FF7933F8-86BC-43BD-B2D0-E6F6A52E3432}.Debug|Any CPU.ActiveCfg = Debug|Any CPU
		{FF7933F8-86BC-43BD-B2D0-E6F6A52E3432}.Debug|Any CPU.Build.0 = Debug|Any CPU
		{FF7933F8-86BC-43BD-B2D0-E6F6A52E3432}.Release|Any CPU.ActiveCfg = Release|Any CPU
		{FF7933F8-86BC-43BD-B2D0-E6F6A52E3432}.Release|Any CPU.Build.0 = Release|Any CPU
		{F8AA696F-725F-4D75-8ABB-9A5EC802C4B1}.Debug|Any CPU.ActiveCfg = Debug|Any CPU
		{F8AA696F-725F-4D75-8ABB-9A5EC802C4B1}.Debug|Any CPU.Build.0 = Debug|Any CPU
		{F8AA696F-725F-4D75-8ABB-9A5EC802C4B1}.Release|Any CPU.ActiveCfg = Release|Any CPU
		{F8AA696F-725F-4D75-8ABB-9A5EC802C4B1}.Release|Any CPU.Build.0 = Release|Any CPU
		{248DAAC6-A5E5-40C7-8531-1526231BEE99}.Debug|Any CPU.ActiveCfg = Debug|Any CPU
		{248DAAC6-A5E5-40C7-8531-1526231BEE99}.Debug|Any CPU.Build.0 = Debug|Any CPU
		{248DAAC6-A5E5-40C7-8531-1526231BEE99}.Release|Any CPU.ActiveCfg = Release|Any CPU
		{248DAAC6-A5E5-40C7-8531-1526231BEE99}.Release|Any CPU.Build.0 = Release|Any CPU
		{38D43CC5-8736-4DD5-B1F0-A92ED357FBF0}.Debug|Any CPU.ActiveCfg = Debug|Any CPU
		{38D43CC5-8736-4DD5-B1F0-A92ED357FBF0}.Debug|Any CPU.Build.0 = Debug|Any CPU
		{38D43CC5-8736-4DD5-B1F0-A92ED357FBF0}.Release|Any CPU.ActiveCfg = Release|Any CPU
		{38D43CC5-8736-4DD5-B1F0-A92ED357FBF0}.Release|Any CPU.Build.0 = Release|Any CPU
		{99715EC1-474F-4907-AF16-7AE29F38A74E}.Debug|Any CPU.ActiveCfg = Debug|Any CPU
		{99715EC1-474F-4907-AF16-7AE29F38A74E}.Debug|Any CPU.Build.0 = Debug|Any CPU
		{99715EC1-474F-4907-AF16-7AE29F38A74E}.Release|Any CPU.ActiveCfg = Release|Any CPU
		{99715EC1-474F-4907-AF16-7AE29F38A74E}.Release|Any CPU.Build.0 = Release|Any CPU
		{7587DCF9-EE0B-432B-9D5B-6D4AB1932B50}.Debug|Any CPU.ActiveCfg = Debug|Any CPU
		{7587DCF9-EE0B-432B-9D5B-6D4AB1932B50}.Debug|Any CPU.Build.0 = Debug|Any CPU
		{7587DCF9-EE0B-432B-9D5B-6D4AB1932B50}.Release|Any CPU.ActiveCfg = Release|Any CPU
		{7587DCF9-EE0B-432B-9D5B-6D4AB1932B50}.Release|Any CPU.Build.0 = Release|Any CPU
		{A62A2D88-034F-469D-894C-F9F9B03D4ACA}.Debug|Any CPU.ActiveCfg = Debug|Any CPU
		{A62A2D88-034F-469D-894C-F9F9B03D4ACA}.Debug|Any CPU.Build.0 = Debug|Any CPU
		{A62A2D88-034F-469D-894C-F9F9B03D4ACA}.Release|Any CPU.ActiveCfg = Release|Any CPU
		{A62A2D88-034F-469D-894C-F9F9B03D4ACA}.Release|Any CPU.Build.0 = Release|Any CPU
	EndGlobalSection
	GlobalSection(SolutionProperties) = preSolution
		HideSolutionNode = FALSE
	EndGlobalSection
EndGlobal
