
Microsoft Visual Studio Solution File, Format Version 12.00
# Visual Studio Version 17
VisualStudioVersion = 17.12.35707.178
MinimumVisualStudioVersion = 10.0.40219.1
Project("{FAE04EC0-301F-11D3-BF4B-00C04F79EFBC}") = "01_CombinacaoBixos", "01_CombinacaoBixos\01_CombinacaoBixos.csproj", "{A77640F2-C282-4690-8836-7B79545DB4C9}"
EndProject
Project("{FAE04EC0-301F-11D3-BF4B-00C04F79EFBC}") = "02_ExperimentWithControls", "02_ExperimentWithControls\02_ExperimentWithControls.csproj", "{28195D44-B824-460F-BF91-7B06FEF1694D}"
EndProject
Project("{FAE04EC0-301F-11D3-BF4B-00C04F79EFBC}") = "03_PickRandomCards", "03_PickRandomCards\03_PickRandomCards.csproj", "{13E33DAD-19B8-4ECA-8A52-817A3BEE1138}"
EndProject
Global
	GlobalSection(SolutionConfigurationPlatforms) = preSolution
		Debug|Any CPU = Debug|Any CPU
		Release|Any CPU = Release|Any CPU
	EndGlobalSection
	GlobalSection(ProjectConfigurationPlatforms) = postSolution
		{A77640F2-C282-4690-8836-7B79545DB4C9}.Debug|Any CPU.ActiveCfg = Debug|Any CPU
		{A77640F2-C282-4690-8836-7B79545DB4C9}.Debug|Any CPU.Build.0 = Debug|Any CPU
		{A77640F2-C282-4690-8836-7B79545DB4C9}.Release|Any CPU.ActiveCfg = Release|Any CPU
		{A77640F2-C282-4690-8836-7B79545DB4C9}.Release|Any CPU.Build.0 = Release|Any CPU
		{28195D44-B824-460F-BF91-7B06FEF1694D}.Debug|Any CPU.ActiveCfg = Debug|Any CPU
		{28195D44-B824-460F-BF91-7B06FEF1694D}.Debug|Any CPU.Build.0 = Debug|Any CPU
		{28195D44-B824-460F-BF91-7B06FEF1694D}.Release|Any CPU.ActiveCfg = Release|Any CPU
		{28195D44-B824-460F-BF91-7B06FEF1694D}.Release|Any CPU.Build.0 = Release|Any CPU
		{13E33DAD-19B8-4ECA-8A52-817A3BEE1138}.Debug|Any CPU.ActiveCfg = Debug|Any CPU
		{13E33DAD-19B8-4ECA-8A52-817A3BEE1138}.Debug|Any CPU.Build.0 = Debug|Any CPU
		{13E33DAD-19B8-4ECA-8A52-817A3BEE1138}.Release|Any CPU.ActiveCfg = Release|Any CPU
		{13E33DAD-19B8-4ECA-8A52-817A3BEE1138}.Release|Any CPU.Build.0 = Release|Any CPU
	EndGlobalSection
	GlobalSection(SolutionProperties) = preSolution
		HideSolutionNode = FALSE
	EndGlobalSection
EndGlobal
